
Microsoft Visual Studio Solution File, Format Version 12.00
# Visual Studio Version 17
VisualStudioVersion = 17.14.36511.14 d17.14
MinimumVisualStudioVersion = 10.0.40219.1
Project("{54A90642-561A-4BB1-A94E-469ADEE60C69}") = "maysara.client", "maysara.client\maysara.client.esproj", "{F1AC2769-4203-A6F2-BF49-E7EE6A40EF00}"
EndProject
Project("{FAE04EC0-301F-11D3-BF4B-00C04F79EFBC}") = "Maysara.Server", "Maysara.Server\Maysara.Server.csproj", "{F0726730-F29C-4322-933C-524167DD7E65}"
EndProject
Global
	GlobalSection(SolutionConfigurationPlatforms) = preSolution
		Debug|Any CPU = Debug|Any CPU
		Release|Any CPU = Release|Any CPU
	EndGlobalSection
	GlobalSection(ProjectConfigurationPlatforms) = postSolution
		{F1AC2769-4203-A6F2-BF49-E7EE6A40EF00}.Debug|Any CPU.ActiveCfg = Debug|Any CPU
		{F1AC2769-4203-A6F2-BF49-E7EE6A40EF00}.Debug|Any CPU.Build.0 = Debug|Any CPU
		{F1AC2769-4203-A6F2-BF49-E7EE6A40EF00}.Debug|Any CPU.Deploy.0 = Debug|Any CPU
		{F1AC2769-4203-A6F2-BF49-E7EE6A40EF00}.Release|Any CPU.ActiveCfg = Release|Any CPU
		{F1AC2769-4203-A6F2-BF49-E7EE6A40EF00}.Release|Any CPU.Build.0 = Release|Any CPU
		{F1AC2769-4203-A6F2-BF49-E7EE6A40EF00}.Release|Any CPU.Deploy.0 = Release|Any CPU
		{F0726730-F29C-4322-933C-524167DD7E65}.Debug|Any CPU.ActiveCfg = Debug|Any CPU
		{F0726730-F29C-4322-933C-524167DD7E65}.Debug|Any CPU.Build.0 = Debug|Any CPU
		{F0726730-F29C-4322-933C-524167DD7E65}.Release|Any CPU.ActiveCfg = Release|Any CPU
		{F0726730-F29C-4322-933C-524167DD7E65}.Release|Any CPU.Build.0 = Release|Any CPU
	EndGlobalSection
	GlobalSection(SolutionProperties) = preSolution
		HideSolutionNode = FALSE
	EndGlobalSection
	GlobalSection(ExtensibilityGlobals) = postSolution
		SolutionGuid = {EF45B5DB-85FC-4DC8-B14F-12B1451B7D21}
	EndGlobalSection
EndGlobal
